{
  "name": "gc-searcher",
  "lockfileVersion": 3,
  "requires": true,
  "packages": {
    "": {
      "devDependencies": {
        "@types/firefox-webext-browser": "^120.0.1"
      }
    },
    "node_modules/@types/firefox-webext-browser": {
      "version": "120.0.1",
      "resolved": "https://registry.npmjs.org/@types/firefox-webext-browser/-/firefox-webext-browser-120.0.1.tgz",
      "integrity": "sha512-IR+NpPC+/o9TSTelcvT/w3fXTanX3LrpVxC5EQrlQyTjyWOKFz8O2mCJQ9VuejBz4NtovCGGKacXQ/VyY63L0A==",
      "dev": true
    }
  }
}
